// !$*UTF8*$!
{
	archiveVersion = 1;
	classes = {
	};
	objectVersion = 50;
	objects = {

/* Begin PBXBuildFile section */
		CF2B8ABB23428C8D00326C26 /* MockFirebaseExporter.swift in Sources */ = {isa = PBXBuildFile; fileRef = CF2B8ABA23428C8D00326C26 /* MockFirebaseExporter.swift */; };
		CF2B8ABD23428D8A00326C26 /* MockGraphQLExporter.swift in Sources */ = {isa = PBXBuildFile; fileRef = CF2B8ABC23428D8A00326C26 /* MockGraphQLExporter.swift */; };
		CF2B8AC12342932600326C26 /* MockMessageExportManager.swift in Sources */ = {isa = PBXBuildFile; fileRef = CF2B8AC02342932600326C26 /* MockMessageExportManager.swift */; };
		CF2B8AC323429D5900326C26 /* ExporterTests.swift in Sources */ = {isa = PBXBuildFile; fileRef = CF2B8AC223429D5900326C26 /* ExporterTests.swift */; };
		CF397553234195C000614645 /* MessageExportManageable.swift in Sources */ = {isa = PBXBuildFile; fileRef = CF39754C234195C000614645 /* MessageExportManageable.swift */; };
		CF397554234195C000614645 /* MessageExportManager.swift in Sources */ = {isa = PBXBuildFile; fileRef = CF39754D234195C000614645 /* MessageExportManager.swift */; };
		CF397556234195C000614645 /* GraphQLExporter.swift in Sources */ = {isa = PBXBuildFile; fileRef = CF397550234195C000614645 /* GraphQLExporter.swift */; };
		CF397557234195C000614645 /* FirebaseExporter.swift in Sources */ = {isa = PBXBuildFile; fileRef = CF397551234195C000614645 /* FirebaseExporter.swift */; };
		CF397558234195C000614645 /* Message.swift in Sources */ = {isa = PBXBuildFile; fileRef = CF397552234195C000614645 /* Message.swift */; };
		CF39755A23419CCA00614645 /* ServerType.swift in Sources */ = {isa = PBXBuildFile; fileRef = CF39755923419CCA00614645 /* ServerType.swift */; };
		CF39AE4E23414F9200CBC25E /* MyMessageExporter.framework in Frameworks */ = {isa = PBXBuildFile; fileRef = CF39AE4423414F9100CBC25E /* MyMessageExporter.framework */; };
		CF39AE5323414F9200CBC25E /* MyMessageExporterTests.swift in Sources */ = {isa = PBXBuildFile; fileRef = CF39AE5223414F9200CBC25E /* MyMessageExporterTests.swift */; };
		CF39AE5523414F9200CBC25E /* MyMessageExporter.h in Headers */ = {isa = PBXBuildFile; fileRef = CF39AE4723414F9100CBC25E /* MyMessageExporter.h */; settings = {ATTRIBUTES = (Public, ); }; };
		CFF0B2F82341A44400C8A06F /* MyMessageExporter.swift in Sources */ = {isa = PBXBuildFile; fileRef = CFF0B2F72341A44400C8A06F /* MyMessageExporter.swift */; };
/* End PBXBuildFile section */

/* Begin PBXContainerItemProxy section */
		CF39AE4F23414F9200CBC25E /* PBXContainerItemProxy */ = {
			isa = PBXContainerItemProxy;
			containerPortal = CF39AE3B23414F9100CBC25E /* Project object */;
			proxyType = 1;
			remoteGlobalIDString = CF39AE4323414F9100CBC25E;
			remoteInfo = MyMessageExporter;
		};
/* End PBXContainerItemProxy section */

/* Begin PBXFileReference section */
		CF2B8ABA23428C8D00326C26 /* MockFirebaseExporter.swift */ = {isa = PBXFileReference; lastKnownFileType = sourcecode.swift; path = MockFirebaseExporter.swift; sourceTree = "<group>"; };
		CF2B8ABC23428D8A00326C26 /* MockGraphQLExporter.swift */ = {isa = PBXFileReference; lastKnownFileType = sourcecode.swift; path = MockGraphQLExporter.swift; sourceTree = "<group>"; };
		CF2B8AC02342932600326C26 /* MockMessageExportManager.swift */ = {isa = PBXFileReference; lastKnownFileType = sourcecode.swift; path = MockMessageExportManager.swift; sourceTree = "<group>"; };
		CF2B8AC223429D5900326C26 /* ExporterTests.swift */ = {isa = PBXFileReference; lastKnownFileType = sourcecode.swift; path = ExporterTests.swift; sourceTree = "<group>"; };
		CF39754C234195C000614645 /* MessageExportManageable.swift */ = {isa = PBXFileReference; fileEncoding = 4; lastKnownFileType = sourcecode.swift; path = MessageExportManageable.swift; sourceTree = "<group>"; };
		CF39754D234195C000614645 /* MessageExportManager.swift */ = {isa = PBXFileReference; fileEncoding = 4; lastKnownFileType = sourcecode.swift; path = MessageExportManager.swift; sourceTree = "<group>"; };
		CF397550234195C000614645 /* GraphQLExporter.swift */ = {isa = PBXFileReference; fileEncoding = 4; lastKnownFileType = sourcecode.swift; path = GraphQLExporter.swift; sourceTree = "<group>"; };
		CF397551234195C000614645 /* FirebaseExporter.swift */ = {isa = PBXFileReference; fileEncoding = 4; lastKnownFileType = sourcecode.swift; path = FirebaseExporter.swift; sourceTree = "<group>"; };
		CF397552234195C000614645 /* Message.swift */ = {isa = PBXFileReference; fileEncoding = 4; lastKnownFileType = sourcecode.swift; path = Message.swift; sourceTree = "<group>"; };
		CF39755923419CCA00614645 /* ServerType.swift */ = {isa = PBXFileReference; lastKnownFileType = sourcecode.swift; path = ServerType.swift; sourceTree = "<group>"; };
		CF39AE4423414F9100CBC25E /* MyMessageExporter.framework */ = {isa = PBXFileReference; explicitFileType = wrapper.framework; includeInIndex = 0; path = MyMessageExporter.framework; sourceTree = BUILT_PRODUCTS_DIR; };
		CF39AE4723414F9100CBC25E /* MyMessageExporter.h */ = {isa = PBXFileReference; lastKnownFileType = sourcecode.c.h; path = MyMessageExporter.h; sourceTree = "<group>"; };
		CF39AE4823414F9100CBC25E /* Info.plist */ = {isa = PBXFileReference; lastKnownFileType = text.plist.xml; path = Info.plist; sourceTree = "<group>"; };
		CF39AE4D23414F9200CBC25E /* MyMessageExporterTests.xctest */ = {isa = PBXFileReference; explicitFileType = wrapper.cfbundle; includeInIndex = 0; path = MyMessageExporterTests.xctest; sourceTree = BUILT_PRODUCTS_DIR; };
		CF39AE5223414F9200CBC25E /* MyMessageExporterTests.swift */ = {isa = PBXFileReference; lastKnownFileType = sourcecode.swift; path = MyMessageExporterTests.swift; sourceTree = "<group>"; };
		CF39AE5423414F9200CBC25E /* Info.plist */ = {isa = PBXFileReference; lastKnownFileType = text.plist.xml; path = Info.plist; sourceTree = "<group>"; };
		CFF0B2F72341A44400C8A06F /* MyMessageExporter.swift */ = {isa = PBXFileReference; lastKnownFileType = sourcecode.swift; path = MyMessageExporter.swift; sourceTree = "<group>"; };
/* End PBXFileReference section */

/* Begin PBXFrameworksBuildPhase section */
		CF39AE4123414F9100CBC25E /* Frameworks */ = {
			isa = PBXFrameworksBuildPhase;
			buildActionMask = 2147483647;
			files = (
			);
			runOnlyForDeploymentPostprocessing = 0;
		};
		CF39AE4A23414F9200CBC25E /* Frameworks */ = {
			isa = PBXFrameworksBuildPhase;
			buildActionMask = 2147483647;
			files = (
				CF39AE4E23414F9200CBC25E /* MyMessageExporter.framework in Frameworks */,
			);
			runOnlyForDeploymentPostprocessing = 0;
		};
/* End PBXFrameworksBuildPhase section */

/* Begin PBXGroup section */
		CF2B8AB923428C7300326C26 /* Mocks */ = {
			isa = PBXGroup;
			children = (
				CF2B8ABA23428C8D00326C26 /* MockFirebaseExporter.swift */,
				CF2B8ABC23428D8A00326C26 /* MockGraphQLExporter.swift */,
				CF2B8AC02342932600326C26 /* MockMessageExportManager.swift */,
			);
			path = Mocks;
			sourceTree = "<group>";
		};
		CF39754A234195C000614645 /* Exporter */ = {
			isa = PBXGroup;
			children = (
				CF39754B234195C000614645 /* Managers */,
				CF39754F234195C000614645 /* Models */,
			);
			path = Exporter;
			sourceTree = "<group>";
		};
		CF39754B234195C000614645 /* Managers */ = {
			isa = PBXGroup;
			children = (
				CF39754C234195C000614645 /* MessageExportManageable.swift */,
				CF39754D234195C000614645 /* MessageExportManager.swift */,
				CF39755923419CCA00614645 /* ServerType.swift */,
			);
			path = Managers;
			sourceTree = "<group>";
		};
		CF39754F234195C000614645 /* Models */ = {
			isa = PBXGroup;
			children = (
				CF397550234195C000614645 /* GraphQLExporter.swift */,
				CF397551234195C000614645 /* FirebaseExporter.swift */,
				CF397552234195C000614645 /* Message.swift */,
			);
			path = Models;
			sourceTree = "<group>";
		};
		CF39AE3A23414F9100CBC25E = {
			isa = PBXGroup;
			children = (
				CFF0B2F72341A44400C8A06F /* MyMessageExporter.swift */,
				CF39AE4623414F9100CBC25E /* MyMessageExporter */,
				CF39AE5123414F9200CBC25E /* MyMessageExporterTests */,
				CF39AE4523414F9100CBC25E /* Products */,
			);
			sourceTree = "<group>";
		};
		CF39AE4523414F9100CBC25E /* Products */ = {
			isa = PBXGroup;
			children = (
				CF39AE4423414F9100CBC25E /* MyMessageExporter.framework */,
				CF39AE4D23414F9200CBC25E /* MyMessageExporterTests.xctest */,
			);
			name = Products;
			sourceTree = "<group>";
		};
		CF39AE4623414F9100CBC25E /* MyMessageExporter */ = {
			isa = PBXGroup;
			children = (
				CF39754A234195C000614645 /* Exporter */,
				CF39AE4723414F9100CBC25E /* MyMessageExporter.h */,
				CF39AE4823414F9100CBC25E /* Info.plist */,
			);
			path = MyMessageExporter;
			sourceTree = "<group>";
		};
		CF39AE5123414F9200CBC25E /* MyMessageExporterTests */ = {
			isa = PBXGroup;
			children = (
				CF2B8AB923428C7300326C26 /* Mocks */,
				CF39AE5223414F9200CBC25E /* MyMessageExporterTests.swift */,
				CF39AE5423414F9200CBC25E /* Info.plist */,
				CF2B8AC223429D5900326C26 /* ExporterTests.swift */,
			);
			path = MyMessageExporterTests;
			sourceTree = "<group>";
		};
/* End PBXGroup section */

/* Begin PBXHeadersBuildPhase section */
		CF39AE3F23414F9100CBC25E /* Headers */ = {
			isa = PBXHeadersBuildPhase;
			buildActionMask = 2147483647;
			files = (
				CF39AE5523414F9200CBC25E /* MyMessageExporter.h in Headers */,
			);
			runOnlyForDeploymentPostprocessing = 0;
		};
/* End PBXHeadersBuildPhase section */

/* Begin PBXNativeTarget section */
		CF39AE4323414F9100CBC25E /* MyMessageExporter */ = {
			isa = PBXNativeTarget;
			buildConfigurationList = CF39AE5823414F9200CBC25E /* Build configuration list for PBXNativeTarget "MyMessageExporter" */;
			buildPhases = (
				CF39AE3F23414F9100CBC25E /* Headers */,
				CF39AE4023414F9100CBC25E /* Sources */,
				CF39AE4123414F9100CBC25E /* Frameworks */,
				CF39AE4223414F9100CBC25E /* Resources */,
			);
			buildRules = (
			);
			dependencies = (
			);
			name = MyMessageExporter;
			productName = MyMessageExporter;
			productReference = CF39AE4423414F9100CBC25E /* MyMessageExporter.framework */;
			productType = "com.apple.product-type.framework";
		};
		CF39AE4C23414F9200CBC25E /* MyMessageExporterTests */ = {
			isa = PBXNativeTarget;
			buildConfigurationList = CF39AE5B23414F9200CBC25E /* Build configuration list for PBXNativeTarget "MyMessageExporterTests" */;
			buildPhases = (
				CF39AE4923414F9200CBC25E /* Sources */,
				CF39AE4A23414F9200CBC25E /* Frameworks */,
				CF39AE4B23414F9200CBC25E /* Resources */,
			);
			buildRules = (
			);
			dependencies = (
				CF39AE5023414F9200CBC25E /* PBXTargetDependency */,
			);
			name = MyMessageExporterTests;
			productName = MyMessageExporterTests;
			productReference = CF39AE4D23414F9200CBC25E /* MyMessageExporterTests.xctest */;
			productType = "com.apple.product-type.bundle.unit-test";
		};
/* End PBXNativeTarget section */

/* Begin PBXProject section */
		CF39AE3B23414F9100CBC25E /* Project object */ = {
			isa = PBXProject;
			attributes = {
				LastSwiftUpdateCheck = 1020;
				LastUpgradeCheck = 1200;
				ORGANIZATIONNAME = burri;
				TargetAttributes = {
					CF39AE4323414F9100CBC25E = {
						CreatedOnToolsVersion = 10.2;
					};
					CF39AE4C23414F9200CBC25E = {
						CreatedOnToolsVersion = 10.2;
					};
				};
			};
			buildConfigurationList = CF39AE3E23414F9100CBC25E /* Build configuration list for PBXProject "MyMessageExporter" */;
			compatibilityVersion = "Xcode 9.3";
			developmentRegion = en;
			hasScannedForEncodings = 0;
			knownRegions = (
				en,
			);
			mainGroup = CF39AE3A23414F9100CBC25E;
			productRefGroup = CF39AE4523414F9100CBC25E /* Products */;
			projectDirPath = "";
			projectRoot = "";
			targets = (
				CF39AE4323414F9100CBC25E /* MyMessageExporter */,
				CF39AE4C23414F9200CBC25E /* MyMessageExporterTests */,
			);
		};
/* End PBXProject section */

/* Begin PBXResourcesBuildPhase section */
		CF39AE4223414F9100CBC25E /* Resources */ = {
			isa = PBXResourcesBuildPhase;
			buildActionMask = 2147483647;
			files = (
			);
			runOnlyForDeploymentPostprocessing = 0;
		};
		CF39AE4B23414F9200CBC25E /* Resources */ = {
			isa = PBXResourcesBuildPhase;
			buildActionMask = 2147483647;
			files = (
			);
			runOnlyForDeploymentPostprocessing = 0;
		};
/* End PBXResourcesBuildPhase section */

/* Begin PBXSourcesBuildPhase section */
		CF39AE4023414F9100CBC25E /* Sources */ = {
			isa = PBXSourcesBuildPhase;
			buildActionMask = 2147483647;
			files = (
				CF397556234195C000614645 /* GraphQLExporter.swift in Sources */,
				CF397557234195C000614645 /* FirebaseExporter.swift in Sources */,
				CF397553234195C000614645 /* MessageExportManageable.swift in Sources */,
				CF397558234195C000614645 /* Message.swift in Sources */,
				CF39755A23419CCA00614645 /* ServerType.swift in Sources */,
				CFF0B2F82341A44400C8A06F /* MyMessageExporter.swift in Sources */,
				CF397554234195C000614645 /* MessageExportManager.swift in Sources */,
			);
			runOnlyForDeploymentPostprocessing = 0;
		};
		CF39AE4923414F9200CBC25E /* Sources */ = {
			isa = PBXSourcesBuildPhase;
			buildActionMask = 2147483647;
			files = (
				CF39AE5323414F9200CBC25E /* MyMessageExporterTests.swift in Sources */,
				CF2B8AC12342932600326C26 /* MockMessageExportManager.swift in Sources */,
				CF2B8ABD23428D8A00326C26 /* MockGraphQLExporter.swift in Sources */,
				CF2B8ABB23428C8D00326C26 /* MockFirebaseExporter.swift in Sources */,
				CF2B8AC323429D5900326C26 /* ExporterTests.swift in Sources */,
			);
			runOnlyForDeploymentPostprocessing = 0;
		};
/* End PBXSourcesBuildPhase section */

/* Begin PBXTargetDependency section */
		CF39AE5023414F9200CBC25E /* PBXTargetDependency */ = {
			isa = PBXTargetDependency;
			target = CF39AE4323414F9100CBC25E /* MyMessageExporter */;
			targetProxy = CF39AE4F23414F9200CBC25E /* PBXContainerItemProxy */;
		};
/* End PBXTargetDependency section */

/* Begin XCBuildConfiguration section */
		CF39AE5623414F9200CBC25E /* Debug */ = {
			isa = XCBuildConfiguration;
			buildSettings = {
				ALWAYS_SEARCH_USER_PATHS = NO;
				CLANG_ANALYZER_NONNULL = YES;
				CLANG_ANALYZER_NUMBER_OBJECT_CONVERSION = YES_AGGRESSIVE;
				CLANG_CXX_LANGUAGE_STANDARD = "gnu++14";
				CLANG_CXX_LIBRARY = "libc++";
				CLANG_ENABLE_MODULES = YES;
				CLANG_ENABLE_OBJC_ARC = YES;
				CLANG_ENABLE_OBJC_WEAK = YES;
				CLANG_WARN_BLOCK_CAPTURE_AUTORELEASING = YES;
				CLANG_WARN_BOOL_CONVERSION = YES;
				CLANG_WARN_COMMA = YES;
				CLANG_WARN_CONSTANT_CONVERSION = YES;
				CLANG_WARN_DEPRECATED_OBJC_IMPLEMENTATIONS = YES;
				CLANG_WARN_DIRECT_OBJC_ISA_USAGE = YES_ERROR;
				CLANG_WARN_DOCUMENTATION_COMMENTS = YES;
				CLANG_WARN_EMPTY_BODY = YES;
				CLANG_WARN_ENUM_CONVERSION = YES;
				CLANG_WARN_INFINITE_RECURSION = YES;
				CLANG_WARN_INT_CONVERSION = YES;
				CLANG_WARN_NON_LITERAL_NULL_CONVERSION = YES;
				CLANG_WARN_OBJC_IMPLICIT_RETAIN_SELF = YES;
				CLANG_WARN_OBJC_LITERAL_CONVERSION = YES;
				CLANG_WARN_OBJC_ROOT_CLASS = YES_ERROR;
				CLANG_WARN_QUOTED_INCLUDE_IN_FRAMEWORK_HEADER = YES;
				CLANG_WARN_RANGE_LOOP_ANALYSIS = YES;
				CLANG_WARN_STRICT_PROTOTYPES = YES;
				CLANG_WARN_SUSPICIOUS_MOVE = YES;
				CLANG_WARN_UNGUARDED_AVAILABILITY = YES_AGGRESSIVE;
				CLANG_WARN_UNREACHABLE_CODE = YES;
				CLANG_WARN__DUPLICATE_METHOD_MATCH = YES;
				CODE_SIGN_IDENTITY = "iPhone Developer";
				COPY_PHASE_STRIP = NO;
				CURRENT_PROJECT_VERSION = 1;
				DEBUG_INFORMATION_FORMAT = dwarf;
				ENABLE_STRICT_OBJC_MSGSEND = YES;
				ENABLE_TESTABILITY = YES;
				GCC_C_LANGUAGE_STANDARD = gnu11;
				GCC_DYNAMIC_NO_PIC = NO;
				GCC_NO_COMMON_BLOCKS = YES;
				GCC_OPTIMIZATION_LEVEL = 0;
				GCC_PREPROCESSOR_DEFINITIONS = (
					"DEBUG=1",
					"$(inherited)",
				);
				GCC_WARN_64_TO_32_BIT_CONVERSION = YES;
				GCC_WARN_ABOUT_RETURN_TYPE = YES_ERROR;
				GCC_WARN_UNDECLARED_SELECTOR = YES;
				GCC_WARN_UNINITIALIZED_AUTOS = YES_AGGRESSIVE;
				GCC_WARN_UNUSED_FUNCTION = YES;
				GCC_WARN_UNUSED_VARIABLE = YES;
				IPHONEOS_DEPLOYMENT_TARGET = 12.0;
				MTL_ENABLE_DEBUG_INFO = INCLUDE_SOURCE;
				MTL_FAST_MATH = YES;
				ONLY_ACTIVE_ARCH = YES;
				SDKROOT = iphoneos;
				SWIFT_ACTIVE_COMPILATION_CONDITIONS = DEBUG;
				SWIFT_OPTIMIZATION_LEVEL = "-Onone";
				VERSIONING_SYSTEM = "apple-generic";
				VERSION_INFO_PREFIX = "";
			};
			name = Debug;
		};
		CF39AE5723414F9200CBC25E /* Release */ = {
			isa = XCBuildConfiguration;
			buildSettings = {
				ALWAYS_SEARCH_USER_PATHS = NO;
				CLANG_ANALYZER_NONNULL = YES;
				CLANG_ANALYZER_NUMBER_OBJECT_CONVERSION = YES_AGGRESSIVE;
				CLANG_CXX_LANGUAGE_STANDARD = "gnu++14";
				CLANG_CXX_LIBRARY = "libc++";
				CLANG_ENABLE_MODULES = YES;
				CLANG_ENABLE_OBJC_ARC = YES;
				CLANG_ENABLE_OBJC_WEAK = YES;
				CLANG_WARN_BLOCK_CAPTURE_AUTORELEASING = YES;
				CLANG_WARN_BOOL_CONVERSION = YES;
				CLANG_WARN_COMMA = YES;
				CLANG_WARN_CONSTANT_CONVERSION = YES;
				CLANG_WARN_DEPRECATED_OBJC_IMPLEMENTATIONS = YES;
				CLANG_WARN_DIRECT_OBJC_ISA_USAGE = YES_ERROR;
				CLANG_WARN_DOCUMENTATION_COMMENTS = YES;
				CLANG_WARN_EMPTY_BODY = YES;
				CLANG_WARN_ENUM_CONVERSION = YES;
				CLANG_WARN_INFINITE_RECURSION = YES;
				CLANG_WARN_INT_CONVERSION = YES;
				CLANG_WARN_NON_LITERAL_NULL_CONVERSION = YES;
				CLANG_WARN_OBJC_IMPLICIT_RETAIN_SELF = YES;
				CLANG_WARN_OBJC_LITERAL_CONVERSION = YES;
				CLANG_WARN_OBJC_ROOT_CLASS = YES_ERROR;
				CLANG_WARN_QUOTED_INCLUDE_IN_FRAMEWORK_HEADER = YES;
				CLANG_WARN_RANGE_LOOP_ANALYSIS = YES;
				CLANG_WARN_STRICT_PROTOTYPES = YES;
				CLANG_WARN_SUSPICIOUS_MOVE = YES;
				CLANG_WARN_UNGUARDED_AVAILABILITY = YES_AGGRESSIVE;
				CLANG_WARN_UNREACHABLE_CODE = YES;
				CLANG_WARN__DUPLICATE_METHOD_MATCH = YES;
				CODE_SIGN_IDENTITY = "iPhone Developer";
				COPY_PHASE_STRIP = NO;
				CURRENT_PROJECT_VERSION = 1;
				DEBUG_INFORMATION_FORMAT = "dwarf-with-dsym";
				ENABLE_NS_ASSERTIONS = NO;
				ENABLE_STRICT_OBJC_MSGSEND = YES;
				GCC_C_LANGUAGE_STANDARD = gnu11;
				GCC_NO_COMMON_BLOCKS = YES;
				GCC_WARN_64_TO_32_BIT_CONVERSION = YES;
				GCC_WARN_ABOUT_RETURN_TYPE = YES_ERROR;
				GCC_WARN_UNDECLARED_SELECTOR = YES;
				GCC_WARN_UNINITIALIZED_AUTOS = YES_AGGRESSIVE;
				GCC_WARN_UNUSED_FUNCTION = YES;
				GCC_WARN_UNUSED_VARIABLE = YES;
				IPHONEOS_DEPLOYMENT_TARGET = 12.0;
				MTL_ENABLE_DEBUG_INFO = NO;
				MTL_FAST_MATH = YES;
				SDKROOT = iphoneos;
				SWIFT_COMPILATION_MODE = wholemodule;
				SWIFT_OPTIMIZATION_LEVEL = "-O";
				VALIDATE_PRODUCT = YES;
				VERSIONING_SYSTEM = "apple-generic";
				VERSION_INFO_PREFIX = "";
			};
			name = Release;
		};
		CF39AE5923414F9200CBC25E /* Debug */ = {
			isa = XCBuildConfiguration;
			buildSettings = {
				CODE_SIGN_IDENTITY = "";
				CODE_SIGN_STYLE = Automatic;
				DEFINES_MODULE = YES;
				DYLIB_COMPATIBILITY_VERSION = 1;
				DYLIB_CURRENT_VERSION = 1;
				DYLIB_INSTALL_NAME_BASE = "@rpath";
				INFOPLIST_FILE = MyMessageExporter/Info.plist;
				INSTALL_PATH = "$(LOCAL_LIBRARY_DIR)/Frameworks";
				LD_RUNPATH_SEARCH_PATHS = (
					"$(inherited)",
					"@executable_path/Frameworks",
					"@loader_path/Frameworks",
				);
				PRODUCT_BUNDLE_IDENTIFIER = com.burri.MyMessageExporter;
				PRODUCT_NAME = "$(TARGET_NAME:c99extidentifier)";
				SKIP_INSTALL = YES;
				SWIFT_VERSION = 5.0;
				TARGETED_DEVICE_FAMILY = "1,2";
			};
			name = Debug;
		};
		CF39AE5A23414F9200CBC25E /* Release */ = {
			isa = XCBuildConfiguration;
			buildSettings = {
				CODE_SIGN_IDENTITY = "";
				CODE_SIGN_STYLE = Automatic;
				DEFINES_MODULE = YES;
				DYLIB_COMPATIBILITY_VERSION = 1;
				DYLIB_CURRENT_VERSION = 1;
				DYLIB_INSTALL_NAME_BASE = "@rpath";
				INFOPLIST_FILE = MyMessageExporter/Info.plist;
				INSTALL_PATH = "$(LOCAL_LIBRARY_DIR)/Frameworks";
				LD_RUNPATH_SEARCH_PATHS = (
					"$(inherited)",
					"@executable_path/Frameworks",
					"@loader_path/Frameworks",
				);
				PRODUCT_BUNDLE_IDENTIFIER = com.burri.MyMessageExporter;
				PRODUCT_NAME = "$(TARGET_NAME:c99extidentifier)";
				SKIP_INSTALL = YES;
				SWIFT_VERSION = 5.0;
				TARGETED_DEVICE_FAMILY = "1,2";
			};
			name = Release;
		};
		CF39AE5C23414F9200CBC25E /* Debug */ = {
			isa = XCBuildConfiguration;
			buildSettings = {
				ALWAYS_EMBED_SWIFT_STANDARD_LIBRARIES = YES;
				CODE_SIGN_STYLE = Automatic;
				INFOPLIST_FILE = MyMessageExporterTests/Info.plist;
				LD_RUNPATH_SEARCH_PATHS = (
					"$(inherited)",
					"@executable_path/Frameworks",
					"@loader_path/Frameworks",
				);
				PRODUCT_BUNDLE_IDENTIFIER = com.burri.localization.MyMessageExporterTests;
				PRODUCT_NAME = "$(TARGET_NAME)";
				SWIFT_VERSION = 5.0;
				TARGETED_DEVICE_FAMILY = "1,2";
			};
			name = Debug;
		};
		CF39AE5D23414F9200CBC25E /* Release */ = {
			isa = XCBuildConfiguration;
			buildSettings = {
				ALWAYS_EMBED_SWIFT_STANDARD_LIBRARIES = YES;
				CODE_SIGN_STYLE = Automatic;
				INFOPLIST_FILE = MyMessageExporterTests/Info.plist;
				LD_RUNPATH_SEARCH_PATHS = (
					"$(inherited)",
					"@executable_path/Frameworks",
					"@loader_path/Frameworks",
				);
				PRODUCT_BUNDLE_IDENTIFIER = com.burri.localization.MyMessageExporterTests;
				PRODUCT_NAME = "$(TARGET_NAME)";
				SWIFT_VERSION = 5.0;
				TARGETED_DEVICE_FAMILY = "1,2";
			};
			name = Release;
		};
/* End XCBuildConfiguration section */

/* Begin XCConfigurationList section */
		CF39AE3E23414F9100CBC25E /* Build configuration list for PBXProject "MyMessageExporter" */ = {
			isa = XCConfigurationList;
			buildConfigurations = (
				CF39AE5623414F9200CBC25E /* Debug */,
				CF39AE5723414F9200CBC25E /* Release */,
			);
			defaultConfigurationIsVisible = 0;
			defaultConfigurationName = Release;
		};
		CF39AE5823414F9200CBC25E /* Build configuration list for PBXNativeTarget "MyMessageExporter" */ = {
			isa = XCConfigurationList;
			buildConfigurations = (
				CF39AE5923414F9200CBC25E /* Debug */,
				CF39AE5A23414F9200CBC25E /* Release */,
			);
			defaultConfigurationIsVisible = 0;
			defaultConfigurationName = Release;
		};
		CF39AE5B23414F9200CBC25E /* Build configuration list for PBXNativeTarget "MyMessageExporterTests" */ = {
			isa = XCConfigurationList;
			buildConfigurations = (
				CF39AE5C23414F9200CBC25E /* Debug */,
				CF39AE5D23414F9200CBC25E /* Release */,
			);
			defaultConfigurationIsVisible = 0;
			defaultConfigurationName = Release;
		};
/* End XCConfigurationList section */
	};
	rootObject = CF39AE3B23414F9100CBC25E /* Project object */;
}
